<Solution>
  <Folder Name="/src/">
    <Project Path="src/Eyu.Core/Eyu.Core.csproj" />
  </Folder>
  <Folder Name="/tests/">
    <Project Path="tests/Eyu.Core.Tests/Eyu.Core.Tests.csproj" />
    <Project Path="tests/Eyu.IntegrationSmoke.Tests/Eyu.IntegrationSmoke.Tests.csproj" />
  </Folder>
</Solution>
